
Microsoft Visual Studio Solution File, Format Version 12.00
# Visual Studio Version 16
VisualStudioVersion = 16.0.31410.357
MinimumVisualStudioVersion = 10.0.40219.1
Project("{FAE04EC0-301F-11D3-BF4B-00C04F79EFBC}") = "SignatureToImage", "SignatureToImage.csproj", "{6A0C4D43-68E9-4173-BDFC-DDB811487399}"
EndProject
Global
	GlobalSection(SolutionConfigurationPlatforms) = preSolution
		Debug|Any CPU = Debug|Any CPU
		Release|Any CPU = Release|Any CPU
	EndGlobalSection
	GlobalSection(ProjectConfigurationPlatforms) = postSolution
		{6A0C4D43-68E9-4173-BDFC-DDB811487399}.Debug|Any CPU.ActiveCfg = Debug|Any CPU
		{6A0C4D43-68E9-4173-BDFC-DDB811487399}.Debug|Any CPU.Build.0 = Debug|Any CPU
		{6A0C4D43-68E9-4173-BDFC-DDB811487399}.Debug|Any CPU.Deploy.0 = Debug|Any CPU
		{6A0C4D43-68E9-4173-BDFC-DDB811487399}.Release|Any CPU.ActiveCfg = Release|Any CPU
		{6A0C4D43-68E9-4173-BDFC-DDB811487399}.Release|Any CPU.Build.0 = Release|Any CPU
		{6A0C4D43-68E9-4173-BDFC-DDB811487399}.Release|Any CPU.Deploy.0 = Release|Any CPU
	EndGlobalSection
	GlobalSection(SolutionProperties) = preSolution
		HideSolutionNode = FALSE
	EndGlobalSection
	GlobalSection(ExtensibilityGlobals) = postSolution
		SolutionGuid = {6AFF2E9C-01A3-439C-B3B0-C69095F7A4AF}
	EndGlobalSection
EndGlobal
